
Microsoft Visual Studio Solution File, Format Version 12.00
# Visual Studio 14
VisualStudioVersion = 14.0.22823.1
MinimumVisualStudioVersion = 10.0.40219.1
Project("{FAE04EC0-301F-11D3-BF4B-00C04F79EFBC}") = "Async.Model", "Async.Model\Async.Model.csproj", "{222AB3C6-BFDB-40BB-B0BA-9C059B1437E3}"
EndProject
Project("{FAE04EC0-301F-11D3-BF4B-00C04F79EFBC}") = "Async.Model.UnitTest", "Async.Model.UnitTest\Async.Model.UnitTest.csproj", "{F2FDCF26-E207-4AD6-8BC9-B7DB442EFF1F}"
EndProject
Project("{FAE04EC0-301F-11D3-BF4B-00C04F79EFBC}") = "Async.Model.TestExtensions", "Async.Model.TestExtensions\Async.Model.TestExtensions.csproj", "{44B10DD1-3734-443F-9D74-EB8BEB40CA93}"
EndProject
Global
	GlobalSection(SolutionConfigurationPlatforms) = preSolution
		Debug|Any CPU = Debug|Any CPU
		Release|Any CPU = Release|Any CPU
	EndGlobalSection
	GlobalSection(ProjectConfigurationPlatforms) = postSolution
		{222AB3C6-BFDB-40BB-B0BA-9C059B1437E3}.Debug|Any CPU.ActiveCfg = Debug|Any CPU
		{222AB3C6-BFDB-40BB-B0BA-9C059B1437E3}.Debug|Any CPU.Build.0 = Debug|Any CPU
		{222AB3C6-BFDB-40BB-B0BA-9C059B1437E3}.Release|Any CPU.ActiveCfg = Release|Any CPU
		{222AB3C6-BFDB-40BB-B0BA-9C059B1437E3}.Release|Any CPU.Build.0 = Release|Any CPU
		{F2FDCF26-E207-4AD6-8BC9-B7DB442EFF1F}.Debug|Any CPU.ActiveCfg = Debug|Any CPU
		{F2FDCF26-E207-4AD6-8BC9-B7DB442EFF1F}.Debug|Any CPU.Build.0 = Debug|Any CPU
		{F2FDCF26-E207-4AD6-8BC9-B7DB442EFF1F}.Release|Any CPU.ActiveCfg = Release|Any CPU
		{F2FDCF26-E207-4AD6-8BC9-B7DB442EFF1F}.Release|Any CPU.Build.0 = Release|Any CPU
		{44B10DD1-3734-443F-9D74-EB8BEB40CA93}.Debug|Any CPU.ActiveCfg = Debug|Any CPU
		{44B10DD1-3734-443F-9D74-EB8BEB40CA93}.Debug|Any CPU.Build.0 = Debug|Any CPU
		{44B10DD1-3734-443F-9D74-EB8BEB40CA93}.Release|Any CPU.ActiveCfg = Release|Any CPU
		{44B10DD1-3734-443F-9D74-EB8BEB40CA93}.Release|Any CPU.Build.0 = Release|Any CPU
	EndGlobalSection
	GlobalSection(SolutionProperties) = preSolution
		HideSolutionNode = FALSE
	EndGlobalSection
EndGlobal
